// !$*UTF8*$!
{
	archiveVersion = 1;
	classes = {
	};
	objectVersion = 46;
	objects = {

/* Begin PBXBuildFile section */
		DEA38A131C9864A2006348BB /* AppDelegate.swift in Sources */ = {isa = PBXBuildFile; fileRef = DEA38A121C9864A2006348BB /* AppDelegate.swift */; };
		DEA38A1A1C9864A2006348BB /* Assets.xcassets in Resources */ = {isa = PBXBuildFile; fileRef = DEA38A191C9864A2006348BB /* Assets.xcassets */; };
		DEA38A2A1C9890BC006348BB /* TVExtendedInterfaceCreator.m in Sources */ = {isa = PBXBuildFile; fileRef = DEA38A291C9890BC006348BB /* TVExtendedInterfaceCreator.m */; };
		DEA38A321C989193006348BB /* TVCSFont.m in Sources */ = {isa = PBXBuildFile; fileRef = DEA38A2C1C989193006348BB /* TVCSFont.m */; };
		DEA38A331C989193006348BB /* TVCustomElementsController.m in Sources */ = {isa = PBXBuildFile; fileRef = DEA38A2F1C989193006348BB /* TVCustomElementsController.m */; };
		DEA38A341C989193006348BB /* TVCustomStylesController.m in Sources */ = {isa = PBXBuildFile; fileRef = DEA38A311C989193006348BB /* TVCustomStylesController.m */; };
		DEA38A3F1C9891E6006348BB /* TVCEAttributedText.m in Sources */ = {isa = PBXBuildFile; fileRef = DEA38A371C9891E6006348BB /* TVCEAttributedText.m */; };
		DEA38A401C9891E6006348BB /* TVCEImage.m in Sources */ = {isa = PBXBuildFile; fileRef = DEA38A391C9891E6006348BB /* TVCEImage.m */; };
		DEA38A411C9891E6006348BB /* TVCSTextDecoration.m in Sources */ = {isa = PBXBuildFile; fileRef = DEA38A3B1C9891E6006348BB /* TVCSTextDecoration.m */; };
		DEA38A421C9891E6006348BB /* UIImage+animatedGIF.m in Sources */ = {isa = PBXBuildFile; fileRef = DEA38A3E1C9891E6006348BB /* UIImage+animatedGIF.m */; };
		DEA38A431C98B569006348BB /* GTWalsheimBlack.otf in Resources */ = {isa = PBXBuildFile; fileRef = DEA38A211C9889A0006348BB /* GTWalsheimBlack.otf */; };
		DEA38A441C98B570006348BB /* GTWalsheimBlack.otf in Copy Files */ = {isa = PBXBuildFile; fileRef = DEA38A211C9889A0006348BB /* GTWalsheimBlack.otf */; };
		DEA38A491C98B684006348BB /* Main.storyboard in Resources */ = {isa = PBXBuildFile; fileRef = DEA38A471C98B684006348BB /* Main.storyboard */; };
		DEBFEA391C999F8700449A6C /* SocketAckEmitter.swift in Sources */ = {isa = PBXBuildFile; fileRef = DEBFEA241C999F8700449A6C /* SocketAckEmitter.swift */; };
		DEBFEA3A1C999F8700449A6C /* SocketAckManager.swift in Sources */ = {isa = PBXBuildFile; fileRef = DEBFEA251C999F8700449A6C /* SocketAckManager.swift */; };
		DEBFEA3B1C999F8700449A6C /* SocketAnyEvent.swift in Sources */ = {isa = PBXBuildFile; fileRef = DEBFEA261C999F8700449A6C /* SocketAnyEvent.swift */; };
		DEBFEA3C1C999F8700449A6C /* SocketClientSpec.swift in Sources */ = {isa = PBXBuildFile; fileRef = DEBFEA271C999F8700449A6C /* SocketClientSpec.swift */; };
		DEBFEA3D1C999F8700449A6C /* SocketEngine.swift in Sources */ = {isa = PBXBuildFile; fileRef = DEBFEA281C999F8700449A6C /* SocketEngine.swift */; };
		DEBFEA3E1C999F8700449A6C /* SocketEngineClient.swift in Sources */ = {isa = PBXBuildFile; fileRef = DEBFEA291C999F8700449A6C /* SocketEngineClient.swift */; };
		DEBFEA3F1C999F8700449A6C /* SocketEnginePacketType.swift in Sources */ = {isa = PBXBuildFile; fileRef = DEBFEA2A1C999F8700449A6C /* SocketEnginePacketType.swift */; };
		DEBFEA401C999F8700449A6C /* SocketEnginePollable.swift in Sources */ = {isa = PBXBuildFile; fileRef = DEBFEA2B1C999F8700449A6C /* SocketEnginePollable.swift */; };
		DEBFEA411C999F8700449A6C /* SocketEngineSpec.swift in Sources */ = {isa = PBXBuildFile; fileRef = DEBFEA2C1C999F8700449A6C /* SocketEngineSpec.swift */; };
		DEBFEA421C999F8700449A6C /* SocketEngineWebsocket.swift in Sources */ = {isa = PBXBuildFile; fileRef = DEBFEA2D1C999F8700449A6C /* SocketEngineWebsocket.swift */; };
		DEBFEA431C999F8700449A6C /* SocketEventHandler.swift in Sources */ = {isa = PBXBuildFile; fileRef = DEBFEA2E1C999F8700449A6C /* SocketEventHandler.swift */; };
		DEBFEA441C999F8700449A6C /* SocketIOClient.swift in Sources */ = {isa = PBXBuildFile; fileRef = DEBFEA2F1C999F8700449A6C /* SocketIOClient.swift */; };
		DEBFEA451C999F8700449A6C /* SocketIOClientOption.swift in Sources */ = {isa = PBXBuildFile; fileRef = DEBFEA301C999F8700449A6C /* SocketIOClientOption.swift */; };
		DEBFEA461C999F8700449A6C /* SocketIOClientStatus.swift in Sources */ = {isa = PBXBuildFile; fileRef = DEBFEA311C999F8700449A6C /* SocketIOClientStatus.swift */; };
		DEBFEA471C999F8800449A6C /* SocketLogger.swift in Sources */ = {isa = PBXBuildFile; fileRef = DEBFEA321C999F8700449A6C /* SocketLogger.swift */; };
		DEBFEA481C999F8800449A6C /* SocketPacket.swift in Sources */ = {isa = PBXBuildFile; fileRef = DEBFEA331C999F8700449A6C /* SocketPacket.swift */; };
		DEBFEA491C999F8800449A6C /* SocketParsable.swift in Sources */ = {isa = PBXBuildFile; fileRef = DEBFEA341C999F8700449A6C /* SocketParsable.swift */; };
		DEBFEA4A1C999F8800449A6C /* SocketStringReader.swift in Sources */ = {isa = PBXBuildFile; fileRef = DEBFEA351C999F8700449A6C /* SocketStringReader.swift */; };
		DEBFEA4B1C999F8800449A6C /* SocketTypes.swift in Sources */ = {isa = PBXBuildFile; fileRef = DEBFEA361C999F8700449A6C /* SocketTypes.swift */; };
		DEBFEA4C1C999F8800449A6C /* SwiftRegex.swift in Sources */ = {isa = PBXBuildFile; fileRef = DEBFEA371C999F8700449A6C /* SwiftRegex.swift */; };
		DEBFEA4D1C999F8800449A6C /* WebSocket.swift in Sources */ = {isa = PBXBuildFile; fileRef = DEBFEA381C999F8700449A6C /* WebSocket.swift */; };
/* End PBXBuildFile section */

/* Begin PBXCopyFilesBuildPhase section */
		DEA38A231C9889D4006348BB /* Copy Files */ = {
			isa = PBXCopyFilesBuildPhase;
			buildActionMask = 2147483647;
			dstPath = Fonts;
			dstSubfolderSpec = 7;
			files = (
				DEA38A441C98B570006348BB /* GTWalsheimBlack.otf in Copy Files */,
			);
			name = "Copy Files";
			runOnlyForDeploymentPostprocessing = 0;
		};
/* End PBXCopyFilesBuildPhase section */

/* Begin PBXFileReference section */
		DEA38A0F1C9864A2006348BB /* Mission Control Client.app */ = {isa = PBXFileReference; explicitFileType = wrapper.application; includeInIndex = 0; path = "Mission Control Client.app"; sourceTree = BUILT_PRODUCTS_DIR; };
		DEA38A121C9864A2006348BB /* AppDelegate.swift */ = {isa = PBXFileReference; lastKnownFileType = sourcecode.swift; path = AppDelegate.swift; sourceTree = "<group>"; };
		DEA38A191C9864A2006348BB /* Assets.xcassets */ = {isa = PBXFileReference; lastKnownFileType = folder.assetcatalog; path = Assets.xcassets; sourceTree = "<group>"; };
		DEA38A1B1C9864A2006348BB /* Info.plist */ = {isa = PBXFileReference; lastKnownFileType = text.plist.xml; path = Info.plist; sourceTree = "<group>"; };
		DEA38A211C9889A0006348BB /* GTWalsheimBlack.otf */ = {isa = PBXFileReference; lastKnownFileType = file; name = GTWalsheimBlack.otf; path = Assets.xcassets/GTWalsheimBlack.otf; sourceTree = "<group>"; };
		DEA38A271C9890BC006348BB /* Mission Control Client-Bridging-Header.h */ = {isa = PBXFileReference; lastKnownFileType = sourcecode.c.h; path = "Mission Control Client-Bridging-Header.h"; sourceTree = "<group>"; };
		DEA38A281C9890BC006348BB /* TVExtendedInterfaceCreator.h */ = {isa = PBXFileReference; fileEncoding = 4; lastKnownFileType = sourcecode.c.h; name = TVExtendedInterfaceCreator.h; path = ExtendedInterfaceCreator/TVExtendedInterfaceCreator.h; sourceTree = "<group>"; };
		DEA38A291C9890BC006348BB /* TVExtendedInterfaceCreator.m */ = {isa = PBXFileReference; fileEncoding = 4; lastKnownFileType = sourcecode.c.objc; name = TVExtendedInterfaceCreator.m; path = ExtendedInterfaceCreator/TVExtendedInterfaceCreator.m; sourceTree = "<group>"; };
		DEA38A2B1C989193006348BB /* TVCSFont.h */ = {isa = PBXFileReference; fileEncoding = 4; lastKnownFileType = sourcecode.c.h; name = TVCSFont.h; path = ExtendedInterfaceCreator/TVCSFont.h; sourceTree = "<group>"; };
		DEA38A2C1C989193006348BB /* TVCSFont.m */ = {isa = PBXFileReference; fileEncoding = 4; lastKnownFileType = sourcecode.c.objc; name = TVCSFont.m; path = ExtendedInterfaceCreator/TVCSFont.m; sourceTree = "<group>"; };
		DEA38A2D1C989193006348BB /* TVCustomElementProtocol.h */ = {isa = PBXFileReference; fileEncoding = 4; lastKnownFileType = sourcecode.c.h; name = TVCustomElementProtocol.h; path = ExtendedInterfaceCreator/TVCustomElementProtocol.h; sourceTree = "<group>"; };
		DEA38A2E1C989193006348BB /* TVCustomElementsController.h */ = {isa = PBXFileReference; fileEncoding = 4; lastKnownFileType = sourcecode.c.h; name = TVCustomElementsController.h; path = ExtendedInterfaceCreator/TVCustomElementsController.h; sourceTree = "<group>"; };
		DEA38A2F1C989193006348BB /* TVCustomElementsController.m */ = {isa = PBXFileReference; fileEncoding = 4; lastKnownFileType = sourcecode.c.objc; name = TVCustomElementsController.m; path = ExtendedInterfaceCreator/TVCustomElementsController.m; sourceTree = "<group>"; };
		DEA38A301C989193006348BB /* TVCustomStylesController.h */ = {isa = PBXFileReference; fileEncoding = 4; lastKnownFileType = sourcecode.c.h; name = TVCustomStylesController.h; path = ExtendedInterfaceCreator/TVCustomStylesController.h; sourceTree = "<group>"; };
		DEA38A311C989193006348BB /* TVCustomStylesController.m */ = {isa = PBXFileReference; fileEncoding = 4; lastKnownFileType = sourcecode.c.objc; name = TVCustomStylesController.m; path = ExtendedInterfaceCreator/TVCustomStylesController.m; sourceTree = "<group>"; };
		DEA38A361C9891E6006348BB /* TVCEAttributedText.h */ = {isa = PBXFileReference; fileEncoding = 4; lastKnownFileType = sourcecode.c.h; name = TVCEAttributedText.h; path = ExtendedInterfaceCreator/TVCEAttributedText.h; sourceTree = "<group>"; };
		DEA38A371C9891E6006348BB /* TVCEAttributedText.m */ = {isa = PBXFileReference; fileEncoding = 4; lastKnownFileType = sourcecode.c.objc; name = TVCEAttributedText.m; path = ExtendedInterfaceCreator/TVCEAttributedText.m; sourceTree = "<group>"; };
		DEA38A381C9891E6006348BB /* TVCEImage.h */ = {isa = PBXFileReference; fileEncoding = 4; lastKnownFileType = sourcecode.c.h; name = TVCEImage.h; path = ExtendedInterfaceCreator/TVCEImage.h; sourceTree = "<group>"; };
		DEA38A391C9891E6006348BB /* TVCEImage.m */ = {isa = PBXFileReference; fileEncoding = 4; lastKnownFileType = sourcecode.c.objc; name = TVCEImage.m; path = ExtendedInterfaceCreator/TVCEImage.m; sourceTree = "<group>"; };
		DEA38A3A1C9891E6006348BB /* TVCSTextDecoration.h */ = {isa = PBXFileReference; fileEncoding = 4; lastKnownFileType = sourcecode.c.h; name = TVCSTextDecoration.h; path = ExtendedInterfaceCreator/TVCSTextDecoration.h; sourceTree = "<group>"; };
		DEA38A3B1C9891E6006348BB /* TVCSTextDecoration.m */ = {isa = PBXFileReference; fileEncoding = 4; lastKnownFileType = sourcecode.c.objc; name = TVCSTextDecoration.m; path = ExtendedInterfaceCreator/TVCSTextDecoration.m; sourceTree = "<group>"; };
		DEA38A3C1C9891E6006348BB /* TVCustomStyleProtocol.h */ = {isa = PBXFileReference; fileEncoding = 4; lastKnownFileType = sourcecode.c.h; name = TVCustomStyleProtocol.h; path = ExtendedInterfaceCreator/TVCustomStyleProtocol.h; sourceTree = "<group>"; };
		DEA38A3D1C9891E6006348BB /* UIImage+animatedGIF.h */ = {isa = PBXFileReference; fileEncoding = 4; lastKnownFileType = sourcecode.c.h; name = "UIImage+animatedGIF.h"; path = "ExtendedInterfaceCreator/UIImage+animatedGIF.h"; sourceTree = "<group>"; };
		DEA38A3E1C9891E6006348BB /* UIImage+animatedGIF.m */ = {isa = PBXFileReference; fileEncoding = 4; lastKnownFileType = sourcecode.c.objc; name = "UIImage+animatedGIF.m"; path = "ExtendedInterfaceCreator/UIImage+animatedGIF.m"; sourceTree = "<group>"; };
		DEA38A481C98B684006348BB /* Base */ = {isa = PBXFileReference; lastKnownFileType = file.storyboard; name = Base; path = Base.lproj/Main.storyboard; sourceTree = "<group>"; };
		DEBFEA241C999F8700449A6C /* SocketAckEmitter.swift */ = {isa = PBXFileReference; fileEncoding = 4; lastKnownFileType = sourcecode.swift; path = SocketAckEmitter.swift; sourceTree = "<group>"; };
		DEBFEA251C999F8700449A6C /* SocketAckManager.swift */ = {isa = PBXFileReference; fileEncoding = 4; lastKnownFileType = sourcecode.swift; path = SocketAckManager.swift; sourceTree = "<group>"; };
		DEBFEA261C999F8700449A6C /* SocketAnyEvent.swift */ = {isa = PBXFileReference; fileEncoding = 4; lastKnownFileType = sourcecode.swift; path = SocketAnyEvent.swift; sourceTree = "<group>"; };
		DEBFEA271C999F8700449A6C /* SocketClientSpec.swift */ = {isa = PBXFileReference; fileEncoding = 4; lastKnownFileType = sourcecode.swift; path = SocketClientSpec.swift; sourceTree = "<group>"; };
		DEBFEA281C999F8700449A6C /* SocketEngine.swift */ = {isa = PBXFileReference; fileEncoding = 4; lastKnownFileType = sourcecode.swift; path = SocketEngine.swift; sourceTree = "<group>"; };
		DEBFEA291C999F8700449A6C /* SocketEngineClient.swift */ = {isa = PBXFileReference; fileEncoding = 4; lastKnownFileType = sourcecode.swift; path = SocketEngineClient.swift; sourceTree = "<group>"; };
		DEBFEA2A1C999F8700449A6C /* SocketEnginePacketType.swift */ = {isa = PBXFileReference; fileEncoding = 4; lastKnownFileType = sourcecode.swift; path = SocketEnginePacketType.swift; sourceTree = "<group>"; };
		DEBFEA2B1C999F8700449A6C /* SocketEnginePollable.swift */ = {isa = PBXFileReference; fileEncoding = 4; lastKnownFileType = sourcecode.swift; path = SocketEnginePollable.swift; sourceTree = "<group>"; };
		DEBFEA2C1C999F8700449A6C /* SocketEngineSpec.swift */ = {isa = PBXFileReference; fileEncoding = 4; lastKnownFileType = sourcecode.swift; path = SocketEngineSpec.swift; sourceTree = "<group>"; };
		DEBFEA2D1C999F8700449A6C /* SocketEngineWebsocket.swift */ = {isa = PBXFileReference; fileEncoding = 4; lastKnownFileType = sourcecode.swift; path = SocketEngineWebsocket.swift; sourceTree = "<group>"; };
		DEBFEA2E1C999F8700449A6C /* SocketEventHandler.swift */ = {isa = PBXFileReference; fileEncoding = 4; lastKnownFileType = sourcecode.swift; path = SocketEventHandler.swift; sourceTree = "<group>"; };
		DEBFEA2F1C999F8700449A6C /* SocketIOClient.swift */ = {isa = PBXFileReference; fileEncoding = 4; lastKnownFileType = sourcecode.swift; path = SocketIOClient.swift; sourceTree = "<group>"; };
		DEBFEA301C999F8700449A6C /* SocketIOClientOption.swift */ = {isa = PBXFileReference; fileEncoding = 4; lastKnownFileType = sourcecode.swift; path = SocketIOClientOption.swift; sourceTree = "<group>"; };
		DEBFEA311C999F8700449A6C /* SocketIOClientStatus.swift */ = {isa = PBXFileReference; fileEncoding = 4; lastKnownFileType = sourcecode.swift; path = SocketIOClientStatus.swift; sourceTree = "<group>"; };
		DEBFEA321C999F8700449A6C /* SocketLogger.swift */ = {isa = PBXFileReference; fileEncoding = 4; lastKnownFileType = sourcecode.swift; path = SocketLogger.swift; sourceTree = "<group>"; };
		DEBFEA331C999F8700449A6C /* SocketPacket.swift */ = {isa = PBXFileReference; fileEncoding = 4; lastKnownFileType = sourcecode.swift; path = SocketPacket.swift; sourceTree = "<group>"; };
		DEBFEA341C999F8700449A6C /* SocketParsable.swift */ = {isa = PBXFileReference; fileEncoding = 4; lastKnownFileType = sourcecode.swift; path = SocketParsable.swift; sourceTree = "<group>"; };
		DEBFEA351C999F8700449A6C /* SocketStringReader.swift */ = {isa = PBXFileReference; fileEncoding = 4; lastKnownFileType = sourcecode.swift; path = SocketStringReader.swift; sourceTree = "<group>"; };
		DEBFEA361C999F8700449A6C /* SocketTypes.swift */ = {isa = PBXFileReference; fileEncoding = 4; lastKnownFileType = sourcecode.swift; path = SocketTypes.swift; sourceTree = "<group>"; };
		DEBFEA371C999F8700449A6C /* SwiftRegex.swift */ = {isa = PBXFileReference; fileEncoding = 4; lastKnownFileType = sourcecode.swift; path = SwiftRegex.swift; sourceTree = "<group>"; };
		DEBFEA381C999F8700449A6C /* WebSocket.swift */ = {isa = PBXFileReference; fileEncoding = 4; lastKnownFileType = sourcecode.swift; path = WebSocket.swift; sourceTree = "<group>"; };
/* End PBXFileReference section */

/* Begin PBXFrameworksBuildPhase section */
		DEA38A0C1C9864A2006348BB /* Frameworks */ = {
			isa = PBXFrameworksBuildPhase;
			buildActionMask = 2147483647;
			files = (
			);
			runOnlyForDeploymentPostprocessing = 0;
		};
/* End PBXFrameworksBuildPhase section */

/* Begin PBXGroup section */
		DEA38A061C9864A2006348BB = {
			isa = PBXGroup;
			children = (
				DEA38A111C9864A2006348BB /* Mission Control Client */,
				DEA38A101C9864A2006348BB /* Products */,
			);
			sourceTree = "<group>";
		};
		DEA38A101C9864A2006348BB /* Products */ = {
			isa = PBXGroup;
			children = (
				DEA38A0F1C9864A2006348BB /* Mission Control Client.app */,
			);
			name = Products;
			sourceTree = "<group>";
		};
		DEA38A111C9864A2006348BB /* Mission Control Client */ = {
			isa = PBXGroup;
			children = (
				DEBFEA4E1C999F8E00449A6C /* SocketIOClientSwift */,
				DEA38A471C98B684006348BB /* Main.storyboard */,
				DEA38A351C98919C006348BB /* TVCS */,
				DEA38A211C9889A0006348BB /* GTWalsheimBlack.otf */,
				DEA38A121C9864A2006348BB /* AppDelegate.swift */,
				DEA38A191C9864A2006348BB /* Assets.xcassets */,
				DEA38A1B1C9864A2006348BB /* Info.plist */,
				DEA38A271C9890BC006348BB /* Mission Control Client-Bridging-Header.h */,
			);
			path = "Mission Control Client";
			sourceTree = "<group>";
		};
		DEA38A351C98919C006348BB /* TVCS */ = {
			isa = PBXGroup;
			children = (
				DEA38A361C9891E6006348BB /* TVCEAttributedText.h */,
				DEA38A371C9891E6006348BB /* TVCEAttributedText.m */,
				DEA38A381C9891E6006348BB /* TVCEImage.h */,
				DEA38A391C9891E6006348BB /* TVCEImage.m */,
				DEA38A3A1C9891E6006348BB /* TVCSTextDecoration.h */,
				DEA38A3B1C9891E6006348BB /* TVCSTextDecoration.m */,
				DEA38A3C1C9891E6006348BB /* TVCustomStyleProtocol.h */,
				DEA38A3D1C9891E6006348BB /* UIImage+animatedGIF.h */,
				DEA38A3E1C9891E6006348BB /* UIImage+animatedGIF.m */,
				DEA38A2B1C989193006348BB /* TVCSFont.h */,
				DEA38A2C1C989193006348BB /* TVCSFont.m */,
				DEA38A2D1C989193006348BB /* TVCustomElementProtocol.h */,
				DEA38A2E1C989193006348BB /* TVCustomElementsController.h */,
				DEA38A2F1C989193006348BB /* TVCustomElementsController.m */,
				DEA38A301C989193006348BB /* TVCustomStylesController.h */,
				DEA38A311C989193006348BB /* TVCustomStylesController.m */,
				DEA38A281C9890BC006348BB /* TVExtendedInterfaceCreator.h */,
				DEA38A291C9890BC006348BB /* TVExtendedInterfaceCreator.m */,
			);
			name = TVCS;
			sourceTree = "<group>";
		};
		DEBFEA4E1C999F8E00449A6C /* SocketIOClientSwift */ = {
			isa = PBXGroup;
			children = (
				DEBFEA241C999F8700449A6C /* SocketAckEmitter.swift */,
				DEBFEA251C999F8700449A6C /* SocketAckManager.swift */,
				DEBFEA261C999F8700449A6C /* SocketAnyEvent.swift */,
				DEBFEA271C999F8700449A6C /* SocketClientSpec.swift */,
				DEBFEA281C999F8700449A6C /* SocketEngine.swift */,
				DEBFEA291C999F8700449A6C /* SocketEngineClient.swift */,
				DEBFEA2A1C999F8700449A6C /* SocketEnginePacketType.swift */,
				DEBFEA2B1C999F8700449A6C /* SocketEnginePollable.swift */,
				DEBFEA2C1C999F8700449A6C /* SocketEngineSpec.swift */,
				DEBFEA2D1C999F8700449A6C /* SocketEngineWebsocket.swift */,
				DEBFEA2E1C999F8700449A6C /* SocketEventHandler.swift */,
				DEBFEA2F1C999F8700449A6C /* SocketIOClient.swift */,
				DEBFEA301C999F8700449A6C /* SocketIOClientOption.swift */,
				DEBFEA311C999F8700449A6C /* SocketIOClientStatus.swift */,
				DEBFEA321C999F8700449A6C /* SocketLogger.swift */,
				DEBFEA331C999F8700449A6C /* SocketPacket.swift */,
				DEBFEA341C999F8700449A6C /* SocketParsable.swift */,
				DEBFEA351C999F8700449A6C /* SocketStringReader.swift */,
				DEBFEA361C999F8700449A6C /* SocketTypes.swift */,
				DEBFEA371C999F8700449A6C /* SwiftRegex.swift */,
				DEBFEA381C999F8700449A6C /* WebSocket.swift */,
			);
			name = SocketIOClientSwift;
			sourceTree = "<group>";
		};
/* End PBXGroup section */

/* Begin PBXNativeTarget section */
		DEA38A0E1C9864A2006348BB /* Mission Control Client */ = {
			isa = PBXNativeTarget;
			buildConfigurationList = DEA38A1E1C9864A2006348BB /* Build configuration list for PBXNativeTarget "Mission Control Client" */;
			buildPhases = (
				DEA38A0B1C9864A2006348BB /* Sources */,
				DEA38A0C1C9864A2006348BB /* Frameworks */,
				DEA38A0D1C9864A2006348BB /* Resources */,
				DEA38A231C9889D4006348BB /* Copy Files */,
			);
			buildRules = (
			);
			dependencies = (
			);
			name = "Mission Control Client";
			productName = "Mission Control Client";
			productReference = DEA38A0F1C9864A2006348BB /* Mission Control Client.app */;
			productType = "com.apple.product-type.application";
		};
/* End PBXNativeTarget section */

/* Begin PBXProject section */
		DEA38A071C9864A2006348BB /* Project object */ = {
			isa = PBXProject;
			attributes = {
				LastSwiftUpdateCheck = 0720;
				LastUpgradeCheck = 0720;
				ORGANIZATIONNAME = "Joe Longstreet";
				TargetAttributes = {
					DEA38A0E1C9864A2006348BB = {
						CreatedOnToolsVersion = 7.2.1;
					};
				};
			};
			buildConfigurationList = DEA38A0A1C9864A2006348BB /* Build configuration list for PBXProject "Mission Control Client" */;
			compatibilityVersion = "Xcode 3.2";
			developmentRegion = English;
			hasScannedForEncodings = 0;
			knownRegions = (
				en,
				Base,
			);
			mainGroup = DEA38A061C9864A2006348BB;
			productRefGroup = DEA38A101C9864A2006348BB /* Products */;
			projectDirPath = "";
			projectRoot = "";
			targets = (
				DEA38A0E1C9864A2006348BB /* Mission Control Client */,
			);
		};
/* End PBXProject section */

/* Begin PBXResourcesBuildPhase section */
		DEA38A0D1C9864A2006348BB /* Resources */ = {
			isa = PBXResourcesBuildPhase;
			buildActionMask = 2147483647;
			files = (
				DEA38A491C98B684006348BB /* Main.storyboard in Resources */,
				DEA38A431C98B569006348BB /* GTWalsheimBlack.otf in Resources */,
				DEA38A1A1C9864A2006348BB /* Assets.xcassets in Resources */,
			);
			runOnlyForDeploymentPostprocessing = 0;
		};
/* End PBXResourcesBuildPhase section */

/* Begin PBXSourcesBuildPhase section */
		DEA38A0B1C9864A2006348BB /* Sources */ = {
			isa = PBXSourcesBuildPhase;
			buildActionMask = 2147483647;
			files = (
				DEBFEA3F1C999F8700449A6C /* SocketEnginePacketType.swift in Sources */,
				DEA38A411C9891E6006348BB /* TVCSTextDecoration.m in Sources */,
				DEBFEA391C999F8700449A6C /* SocketAckEmitter.swift in Sources */,
				DEBFEA421C999F8700449A6C /* SocketEngineWebsocket.swift in Sources */,
				DEBFEA411C999F8700449A6C /* SocketEngineSpec.swift in Sources */,
				DEBFEA3B1C999F8700449A6C /* SocketAnyEvent.swift in Sources */,
				DEA38A331C989193006348BB /* TVCustomElementsController.m in Sources */,
				DEA38A321C989193006348BB /* TVCSFont.m in Sources */,
				DEA38A421C9891E6006348BB /* UIImage+animatedGIF.m in Sources */,
				DEA38A401C9891E6006348BB /* TVCEImage.m in Sources */,
				DEBFEA451C999F8700449A6C /* SocketIOClientOption.swift in Sources */,
				DEA38A2A1C9890BC006348BB /* TVExtendedInterfaceCreator.m in Sources */,
				DEBFEA461C999F8700449A6C /* SocketIOClientStatus.swift in Sources */,
				DEBFEA3C1C999F8700449A6C /* SocketClientSpec.swift in Sources */,
				DEBFEA471C999F8800449A6C /* SocketLogger.swift in Sources */,
				DEBFEA4A1C999F8800449A6C /* SocketStringReader.swift in Sources */,
				DEBFEA481C999F8800449A6C /* SocketPacket.swift in Sources */,
				DEBFEA431C999F8700449A6C /* SocketEventHandler.swift in Sources */,
				DEBFEA4B1C999F8800449A6C /* SocketTypes.swift in Sources */,
				DEBFEA4D1C999F8800449A6C /* WebSocket.swift in Sources */,
				DEBFEA3A1C999F8700449A6C /* SocketAckManager.swift in Sources */,
				DEBFEA3D1C999F8700449A6C /* SocketEngine.swift in Sources */,
				DEA38A341C989193006348BB /* TVCustomStylesController.m in Sources */,
				DEA38A131C9864A2006348BB /* AppDelegate.swift in Sources */,
				DEBFEA3E1C999F8700449A6C /* SocketEngineClient.swift in Sources */,
				DEBFEA491C999F8800449A6C /* SocketParsable.swift in Sources */,
				DEBFEA4C1C999F8800449A6C /* SwiftRegex.swift in Sources */,
				DEBFEA441C999F8700449A6C /* SocketIOClient.swift in Sources */,
				DEBFEA401C999F8700449A6C /* SocketEnginePollable.swift in Sources */,
				DEA38A3F1C9891E6006348BB /* TVCEAttributedText.m in Sources */,
			);
			runOnlyForDeploymentPostprocessing = 0;
		};
/* End PBXSourcesBuildPhase section */

/* Begin PBXVariantGroup section */
		DEA38A471C98B684006348BB /* Main.storyboard */ = {
			isa = PBXVariantGroup;
			children = (
				DEA38A481C98B684006348BB /* Base */,
			);
			name = Main.storyboard;
			sourceTree = "<group>";
		};
/* End PBXVariantGroup section */

/* Begin XCBuildConfiguration section */
		DEA38A1C1C9864A2006348BB /* Debug */ = {
			isa = XCBuildConfiguration;
			buildSettings = {
				ALWAYS_SEARCH_USER_PATHS = NO;
				CLANG_CXX_LANGUAGE_STANDARD = "gnu++0x";
				CLANG_CXX_LIBRARY = "libc++";
				CLANG_ENABLE_MODULES = YES;
				CLANG_ENABLE_OBJC_ARC = YES;
				CLANG_WARN_BOOL_CONVERSION = YES;
				CLANG_WARN_CONSTANT_CONVERSION = YES;
				CLANG_WARN_DIRECT_OBJC_ISA_USAGE = YES_ERROR;
				CLANG_WARN_EMPTY_BODY = YES;
				CLANG_WARN_ENUM_CONVERSION = YES;
				CLANG_WARN_INT_CONVERSION = YES;
				CLANG_WARN_OBJC_ROOT_CLASS = YES_ERROR;
				CLANG_WARN_UNREACHABLE_CODE = YES;
				CLANG_WARN__DUPLICATE_METHOD_MATCH = YES;
				COPY_PHASE_STRIP = NO;
				DEBUG_INFORMATION_FORMAT = dwarf;
				ENABLE_STRICT_OBJC_MSGSEND = YES;
				ENABLE_TESTABILITY = YES;
				GCC_C_LANGUAGE_STANDARD = gnu99;
				GCC_DYNAMIC_NO_PIC = NO;
				GCC_NO_COMMON_BLOCKS = YES;
				GCC_OPTIMIZATION_LEVEL = 0;
				GCC_PREPROCESSOR_DEFINITIONS = (
					"DEBUG=1",
					"$(inherited)",
				);
				GCC_WARN_64_TO_32_BIT_CONVERSION = YES;
				GCC_WARN_ABOUT_RETURN_TYPE = YES_ERROR;
				GCC_WARN_UNDECLARED_SELECTOR = YES;
				GCC_WARN_UNINITIALIZED_AUTOS = YES_AGGRESSIVE;
				GCC_WARN_UNUSED_FUNCTION = YES;
				GCC_WARN_UNUSED_VARIABLE = YES;
				MTL_ENABLE_DEBUG_INFO = YES;
				ONLY_ACTIVE_ARCH = YES;
				SDKROOT = appletvos;
				SWIFT_OPTIMIZATION_LEVEL = "-Onone";
				TARGETED_DEVICE_FAMILY = 3;
				TVOS_DEPLOYMENT_TARGET = 9.1;
			};
			name = Debug;
		};
		DEA38A1D1C9864A2006348BB /* Release */ = {
			isa = XCBuildConfiguration;
			buildSettings = {
				ALWAYS_SEARCH_USER_PATHS = NO;
				CLANG_CXX_LANGUAGE_STANDARD = "gnu++0x";
				CLANG_CXX_LIBRARY = "libc++";
				CLANG_ENABLE_MODULES = YES;
				CLANG_ENABLE_OBJC_ARC = YES;
				CLANG_WARN_BOOL_CONVERSION = YES;
				CLANG_WARN_CONSTANT_CONVERSION = YES;
				CLANG_WARN_DIRECT_OBJC_ISA_USAGE = YES_ERROR;
				CLANG_WARN_EMPTY_BODY = YES;
				CLANG_WARN_ENUM_CONVERSION = YES;
				CLANG_WARN_INT_CONVERSION = YES;
				CLANG_WARN_OBJC_ROOT_CLASS = YES_ERROR;
				CLANG_WARN_UNREACHABLE_CODE = YES;
				CLANG_WARN__DUPLICATE_METHOD_MATCH = YES;
				COPY_PHASE_STRIP = NO;
				DEBUG_INFORMATION_FORMAT = "dwarf-with-dsym";
				ENABLE_NS_ASSERTIONS = NO;
				ENABLE_STRICT_OBJC_MSGSEND = YES;
				GCC_C_LANGUAGE_STANDARD = gnu99;
				GCC_NO_COMMON_BLOCKS = YES;
				GCC_WARN_64_TO_32_BIT_CONVERSION = YES;
				GCC_WARN_ABOUT_RETURN_TYPE = YES_ERROR;
				GCC_WARN_UNDECLARED_SELECTOR = YES;
				GCC_WARN_UNINITIALIZED_AUTOS = YES_AGGRESSIVE;
				GCC_WARN_UNUSED_FUNCTION = YES;
				GCC_WARN_UNUSED_VARIABLE = YES;
				MTL_ENABLE_DEBUG_INFO = NO;
				SDKROOT = appletvos;
				TARGETED_DEVICE_FAMILY = 3;
				TVOS_DEPLOYMENT_TARGET = 9.1;
				VALIDATE_PRODUCT = YES;
			};
			name = Release;
		};
		DEA38A1F1C9864A2006348BB /* Debug */ = {
			isa = XCBuildConfiguration;
			buildSettings = {
				ASSETCATALOG_COMPILER_APPICON_NAME = "App Icon & Top Shelf Image";
				ASSETCATALOG_COMPILER_LAUNCHIMAGE_NAME = LaunchImage;
				CLANG_ENABLE_MODULES = YES;
				INFOPLIST_FILE = "Mission Control Client/Info.plist";
				LD_RUNPATH_SEARCH_PATHS = "$(inherited) @executable_path/Frameworks";
				PRODUCT_BUNDLE_IDENTIFIER = "com.barkley.Mission-Control-Client";
				PRODUCT_NAME = "$(TARGET_NAME)";
				SWIFT_OBJC_BRIDGING_HEADER = "Mission Control Client/Mission Control Client-Bridging-Header.h";
				SWIFT_OPTIMIZATION_LEVEL = "-Onone";
			};
			name = Debug;
		};
		DEA38A201C9864A2006348BB /* Release */ = {
			isa = XCBuildConfiguration;
			buildSettings = {
				ASSETCATALOG_COMPILER_APPICON_NAME = "App Icon & Top Shelf Image";
				ASSETCATALOG_COMPILER_LAUNCHIMAGE_NAME = LaunchImage;
				CLANG_ENABLE_MODULES = YES;
				INFOPLIST_FILE = "Mission Control Client/Info.plist";
				LD_RUNPATH_SEARCH_PATHS = "$(inherited) @executable_path/Frameworks";
				PRODUCT_BUNDLE_IDENTIFIER = "com.barkley.Mission-Control-Client";
				PRODUCT_NAME = "$(TARGET_NAME)";
				SWIFT_OBJC_BRIDGING_HEADER = "Mission Control Client/Mission Control Client-Bridging-Header.h";
			};
			name = Release;
		};
/* End XCBuildConfiguration section */

/* Begin XCConfigurationList section */
		DEA38A0A1C9864A2006348BB /* Build configuration list for PBXProject "Mission Control Client" */ = {
			isa = XCConfigurationList;
			buildConfigurations = (
				DEA38A1C1C9864A2006348BB /* Debug */,
				DEA38A1D1C9864A2006348BB /* Release */,
			);
			defaultConfigurationIsVisible = 0;
			defaultConfigurationName = Release;
		};
		DEA38A1E1C9864A2006348BB /* Build configuration list for PBXNativeTarget "Mission Control Client" */ = {
			isa = XCConfigurationList;
			buildConfigurations = (
				DEA38A1F1C9864A2006348BB /* Debug */,
				DEA38A201C9864A2006348BB /* Release */,
			);
			defaultConfigurationIsVisible = 0;
			defaultConfigurationName = Release;
		};
/* End XCConfigurationList section */
	};
	rootObject = DEA38A071C9864A2006348BB /* Project object */;
}
