// !$*UTF8*$!
{
	archiveVersion = 1;
	classes = {
	};
	objectVersion = 46;
	objects = {

/* Begin PBXBuildFile section */
		DEA38A131C9864A2006348BB /* AppDelegate.swift in Sources */ = {isa = PBXBuildFile; fileRef = DEA38A121C9864A2006348BB /* AppDelegate.swift */; };
		DEA38A151C9864A2006348BB /* ViewController.swift in Sources */ = {isa = PBXBuildFile; fileRef = DEA38A141C9864A2006348BB /* ViewController.swift */; };
		DEA38A181C9864A2006348BB /* Main.storyboard in Resources */ = {isa = PBXBuildFile; fileRef = DEA38A161C9864A2006348BB /* Main.storyboard */; };
		DEA38A1A1C9864A2006348BB /* Assets.xcassets in Resources */ = {isa = PBXBuildFile; fileRef = DEA38A191C9864A2006348BB /* Assets.xcassets */; };
/* End PBXBuildFile section */

/* Begin PBXFileReference section */
		DEA38A0F1C9864A2006348BB /* Mission Control Client.app */ = {isa = PBXFileReference; explicitFileType = wrapper.application; includeInIndex = 0; path = "Mission Control Client.app"; sourceTree = BUILT_PRODUCTS_DIR; };
		DEA38A121C9864A2006348BB /* AppDelegate.swift */ = {isa = PBXFileReference; lastKnownFileType = sourcecode.swift; path = AppDelegate.swift; sourceTree = "<group>"; };
		DEA38A141C9864A2006348BB /* ViewController.swift */ = {isa = PBXFileReference; lastKnownFileType = sourcecode.swift; path = ViewController.swift; sourceTree = "<group>"; };
		DEA38A171C9864A2006348BB /* Base */ = {isa = PBXFileReference; lastKnownFileType = file.storyboard; name = Base; path = Base.lproj/Main.storyboard; sourceTree = "<group>"; };
		DEA38A191C9864A2006348BB /* Assets.xcassets */ = {isa = PBXFileReference; lastKnownFileType = folder.assetcatalog; path = Assets.xcassets; sourceTree = "<group>"; };
		DEA38A1B1C9864A2006348BB /* Info.plist */ = {isa = PBXFileReference; lastKnownFileType = text.plist.xml; path = Info.plist; sourceTree = "<group>"; };
/* End PBXFileReference section */

/* Begin PBXFrameworksBuildPhase section */
		DEA38A0C1C9864A2006348BB /* Frameworks */ = {
			isa = PBXFrameworksBuildPhase;
			buildActionMask = 2147483647;
			files = (
			);
			runOnlyForDeploymentPostprocessing = 0;
		};
/* End PBXFrameworksBuildPhase section */

/* Begin PBXGroup section */
		DEA38A061C9864A2006348BB = {
			isa = PBXGroup;
			children = (
				DEA38A111C9864A2006348BB /* Mission Control Client */,
				DEA38A101C9864A2006348BB /* Products */,
			);
			sourceTree = "<group>";
		};
		DEA38A101C9864A2006348BB /* Products */ = {
			isa = PBXGroup;
			children = (
				DEA38A0F1C9864A2006348BB /* Mission Control Client.app */,
			);
			name = Products;
			sourceTree = "<group>";
		};
		DEA38A111C9864A2006348BB /* Mission Control Client */ = {
			isa = PBXGroup;
			children = (
				DEA38A121C9864A2006348BB /* AppDelegate.swift */,
				DEA38A141C9864A2006348BB /* ViewController.swift */,
				DEA38A161C9864A2006348BB /* Main.storyboard */,
				DEA38A191C9864A2006348BB /* Assets.xcassets */,
				DEA38A1B1C9864A2006348BB /* Info.plist */,
			);
			path = "Mission Control Client";
			sourceTree = "<group>";
		};
/* End PBXGroup section */

/* Begin PBXNativeTarget section */
		DEA38A0E1C9864A2006348BB /* Mission Control Client */ = {
			isa = PBXNativeTarget;
			buildConfigurationList = DEA38A1E1C9864A2006348BB /* Build configuration list for PBXNativeTarget "Mission Control Client" */;
			buildPhases = (
				DEA38A0B1C9864A2006348BB /* Sources */,
				DEA38A0C1C9864A2006348BB /* Frameworks */,
				DEA38A0D1C9864A2006348BB /* Resources */,
			);
			buildRules = (
			);
			dependencies = (
			);
			name = "Mission Control Client";
			productName = "Mission Control Client";
			productReference = DEA38A0F1C9864A2006348BB /* Mission Control Client.app */;
			productType = "com.apple.product-type.application";
		};
/* End PBXNativeTarget section */

/* Begin PBXProject section */
		DEA38A071C9864A2006348BB /* Project object */ = {
			isa = PBXProject;
			attributes = {
				LastSwiftUpdateCheck = 0720;
				LastUpgradeCheck = 0720;
				ORGANIZATIONNAME = "Joe Longstreet";
				TargetAttributes = {
					DEA38A0E1C9864A2006348BB = {
						CreatedOnToolsVersion = 7.2.1;
					};
				};
			};
			buildConfigurationList = DEA38A0A1C9864A2006348BB /* Build configuration list for PBXProject "Mission Control Client" */;
			compatibilityVersion = "Xcode 3.2";
			developmentRegion = English;
			hasScannedForEncodings = 0;
			knownRegions = (
				en,
				Base,
			);
			mainGroup = DEA38A061C9864A2006348BB;
			productRefGroup = DEA38A101C9864A2006348BB /* Products */;
			projectDirPath = "";
			projectRoot = "";
			targets = (
				DEA38A0E1C9864A2006348BB /* Mission Control Client */,
			);
		};
/* End PBXProject section */

/* Begin PBXResourcesBuildPhase section */
		DEA38A0D1C9864A2006348BB /* Resources */ = {
			isa = PBXResourcesBuildPhase;
			buildActionMask = 2147483647;
			files = (
				DEA38A1A1C9864A2006348BB /* Assets.xcassets in Resources */,
				DEA38A181C9864A2006348BB /* Main.storyboard in Resources */,
			);
			runOnlyForDeploymentPostprocessing = 0;
		};
/* End PBXResourcesBuildPhase section */

/* Begin PBXSourcesBuildPhase section */
		DEA38A0B1C9864A2006348BB /* Sources */ = {
			isa = PBXSourcesBuildPhase;
			buildActionMask = 2147483647;
			files = (
				DEA38A151C9864A2006348BB /* ViewController.swift in Sources */,
				DEA38A131C9864A2006348BB /* AppDelegate.swift in Sources */,
			);
			runOnlyForDeploymentPostprocessing = 0;
		};
/* End PBXSourcesBuildPhase section */

/* Begin PBXVariantGroup section */
		DEA38A161C9864A2006348BB /* Main.storyboard */ = {
			isa = PBXVariantGroup;
			children = (
				DEA38A171C9864A2006348BB /* Base */,
			);
			name = Main.storyboard;
			sourceTree = "<group>";
		};
/* End PBXVariantGroup section */

/* Begin XCBuildConfiguration section */
		DEA38A1C1C9864A2006348BB /* Debug */ = {
			isa = XCBuildConfiguration;
			buildSettings = {
				ALWAYS_SEARCH_USER_PATHS = NO;
				CLANG_CXX_LANGUAGE_STANDARD = "gnu++0x";
				CLANG_CXX_LIBRARY = "libc++";
				CLANG_ENABLE_MODULES = YES;
				CLANG_ENABLE_OBJC_ARC = YES;
				CLANG_WARN_BOOL_CONVERSION = YES;
				CLANG_WARN_CONSTANT_CONVERSION = YES;
				CLANG_WARN_DIRECT_OBJC_ISA_USAGE = YES_ERROR;
				CLANG_WARN_EMPTY_BODY = YES;
				CLANG_WARN_ENUM_CONVERSION = YES;
				CLANG_WARN_INT_CONVERSION = YES;
				CLANG_WARN_OBJC_ROOT_CLASS = YES_ERROR;
				CLANG_WARN_UNREACHABLE_CODE = YES;
				CLANG_WARN__DUPLICATE_METHOD_MATCH = YES;
				COPY_PHASE_STRIP = NO;
				DEBUG_INFORMATION_FORMAT = dwarf;
				ENABLE_STRICT_OBJC_MSGSEND = YES;
				ENABLE_TESTABILITY = YES;
				GCC_C_LANGUAGE_STANDARD = gnu99;
				GCC_DYNAMIC_NO_PIC = NO;
				GCC_NO_COMMON_BLOCKS = YES;
				GCC_OPTIMIZATION_LEVEL = 0;
				GCC_PREPROCESSOR_DEFINITIONS = (
					"DEBUG=1",
					"$(inherited)",
				);
				GCC_WARN_64_TO_32_BIT_CONVERSION = YES;
				GCC_WARN_ABOUT_RETURN_TYPE = YES_ERROR;
				GCC_WARN_UNDECLARED_SELECTOR = YES;
				GCC_WARN_UNINITIALIZED_AUTOS = YES_AGGRESSIVE;
				GCC_WARN_UNUSED_FUNCTION = YES;
				GCC_WARN_UNUSED_VARIABLE = YES;
				MTL_ENABLE_DEBUG_INFO = YES;
				ONLY_ACTIVE_ARCH = YES;
				SDKROOT = appletvos;
				SWIFT_OPTIMIZATION_LEVEL = "-Onone";
				TARGETED_DEVICE_FAMILY = 3;
				TVOS_DEPLOYMENT_TARGET = 9.1;
			};
			name = Debug;
		};
		DEA38A1D1C9864A2006348BB /* Release */ = {
			isa = XCBuildConfiguration;
			buildSettings = {
				ALWAYS_SEARCH_USER_PATHS = NO;
				CLANG_CXX_LANGUAGE_STANDARD = "gnu++0x";
				CLANG_CXX_LIBRARY = "libc++";
				CLANG_ENABLE_MODULES = YES;
				CLANG_ENABLE_OBJC_ARC = YES;
				CLANG_WARN_BOOL_CONVERSION = YES;
				CLANG_WARN_CONSTANT_CONVERSION = YES;
				CLANG_WARN_DIRECT_OBJC_ISA_USAGE = YES_ERROR;
				CLANG_WARN_EMPTY_BODY = YES;
				CLANG_WARN_ENUM_CONVERSION = YES;
				CLANG_WARN_INT_CONVERSION = YES;
				CLANG_WARN_OBJC_ROOT_CLASS = YES_ERROR;
				CLANG_WARN_UNREACHABLE_CODE = YES;
				CLANG_WARN__DUPLICATE_METHOD_MATCH = YES;
				COPY_PHASE_STRIP = NO;
				DEBUG_INFORMATION_FORMAT = "dwarf-with-dsym";
				ENABLE_NS_ASSERTIONS = NO;
				ENABLE_STRICT_OBJC_MSGSEND = YES;
				GCC_C_LANGUAGE_STANDARD = gnu99;
				GCC_NO_COMMON_BLOCKS = YES;
				GCC_WARN_64_TO_32_BIT_CONVERSION = YES;
				GCC_WARN_ABOUT_RETURN_TYPE = YES_ERROR;
				GCC_WARN_UNDECLARED_SELECTOR = YES;
				GCC_WARN_UNINITIALIZED_AUTOS = YES_AGGRESSIVE;
				GCC_WARN_UNUSED_FUNCTION = YES;
				GCC_WARN_UNUSED_VARIABLE = YES;
				MTL_ENABLE_DEBUG_INFO = NO;
				SDKROOT = appletvos;
				TARGETED_DEVICE_FAMILY = 3;
				TVOS_DEPLOYMENT_TARGET = 9.1;
				VALIDATE_PRODUCT = YES;
			};
			name = Release;
		};
		DEA38A1F1C9864A2006348BB /* Debug */ = {
			isa = XCBuildConfiguration;
			buildSettings = {
				ASSETCATALOG_COMPILER_APPICON_NAME = "App Icon & Top Shelf Image";
				ASSETCATALOG_COMPILER_LAUNCHIMAGE_NAME = LaunchImage;
				INFOPLIST_FILE = "Mission Control Client/Info.plist";
				LD_RUNPATH_SEARCH_PATHS = "$(inherited) @executable_path/Frameworks";
				PRODUCT_BUNDLE_IDENTIFIER = "com.barkley.Mission-Control-Client";
				PRODUCT_NAME = "$(TARGET_NAME)";
			};
			name = Debug;
		};
		DEA38A201C9864A2006348BB /* Release */ = {
			isa = XCBuildConfiguration;
			buildSettings = {
				ASSETCATALOG_COMPILER_APPICON_NAME = "App Icon & Top Shelf Image";
				ASSETCATALOG_COMPILER_LAUNCHIMAGE_NAME = LaunchImage;
				INFOPLIST_FILE = "Mission Control Client/Info.plist";
				LD_RUNPATH_SEARCH_PATHS = "$(inherited) @executable_path/Frameworks";
				PRODUCT_BUNDLE_IDENTIFIER = "com.barkley.Mission-Control-Client";
				PRODUCT_NAME = "$(TARGET_NAME)";
			};
			name = Release;
		};
/* End XCBuildConfiguration section */

/* Begin XCConfigurationList section */
		DEA38A0A1C9864A2006348BB /* Build configuration list for PBXProject "Mission Control Client" */ = {
			isa = XCConfigurationList;
			buildConfigurations = (
				DEA38A1C1C9864A2006348BB /* Debug */,
				DEA38A1D1C9864A2006348BB /* Release */,
			);
			defaultConfigurationIsVisible = 0;
			defaultConfigurationName = Release;
		};
		DEA38A1E1C9864A2006348BB /* Build configuration list for PBXNativeTarget "Mission Control Client" */ = {
			isa = XCConfigurationList;
			buildConfigurations = (
				DEA38A1F1C9864A2006348BB /* Debug */,
				DEA38A201C9864A2006348BB /* Release */,
			);
			defaultConfigurationIsVisible = 0;
		};
/* End XCConfigurationList section */
	};
	rootObject = DEA38A071C9864A2006348BB /* Project object */;
}
